// !$*UTF8*$!
{
	archiveVersion = 1;
	classes = {
	};
	objectVersion = 50;
	objects = {

/* Begin PBXBuildFile section */
		D70757E8299A927000BAD8D9 /* AdminBuildingView.swift in Sources */ = {isa = PBXBuildFile; fileRef = D70757E7299A926F00BAD8D9 /* AdminBuildingView.swift */; };
		D70757EA299A95FA00BAD8D9 /* JustifiedText.swift in Sources */ = {isa = PBXBuildFile; fileRef = D70757E9299A95FA00BAD8D9 /* JustifiedText.swift */; };
		D70757EE299A995000BAD8D9 /* MauraHallView.swift in Sources */ = {isa = PBXBuildFile; fileRef = D70757ED299A995000BAD8D9 /* MauraHallView.swift */; };
		D70757F0299A9C1F00BAD8D9 /* BoyleCenterView.swift in Sources */ = {isa = PBXBuildFile; fileRef = D70757EF299A9C1F00BAD8D9 /* BoyleCenterView.swift */; };
		D7670E5A296B637800E05FD2 /* Seton_Hill_Welcome_AppApp.swift in Sources */ = {isa = PBXBuildFile; fileRef = D7670E59296B637800E05FD2 /* Seton_Hill_Welcome_AppApp.swift */; };
		D7670E5E296B637900E05FD2 /* Assets.xcassets in Resources */ = {isa = PBXBuildFile; fileRef = D7670E5D296B637900E05FD2 /* Assets.xcassets */; };
		D7670E61296B637900E05FD2 /* Preview Assets.xcassets in Resources */ = {isa = PBXBuildFile; fileRef = D7670E60296B637900E05FD2 /* Preview Assets.xcassets */; };
		D7670E6C296B637A00E05FD2 /* Seton_Hill_Welcome_AppTests.swift in Sources */ = {isa = PBXBuildFile; fileRef = D7670E6B296B637A00E05FD2 /* Seton_Hill_Welcome_AppTests.swift */; };
		D7670E77296B637A00E05FD2 /* Seton_Hill_Welcome_AppUITests.swift in Sources */ = {isa = PBXBuildFile; fileRef = D7670E76296B637A00E05FD2 /* Seton_Hill_Welcome_AppUITests.swift */; };
		D776D64F29917A5200165A3F /* HaveyHallView.swift in Sources */ = {isa = PBXBuildFile; fileRef = D776D64E29917A5200165A3F /* HaveyHallView.swift */; };
		D776D65129917C9500165A3F /* BrownleeHallView.swift in Sources */ = {isa = PBXBuildFile; fileRef = D776D65029917C9500165A3F /* BrownleeHallView.swift */; };
		D776D65329917FB400165A3F /* DechantalHallView.swift in Sources */ = {isa = PBXBuildFile; fileRef = D776D65229917FB400165A3F /* DechantalHallView.swift */; };
		D776D6552991838100165A3F /* FarrellHallView.swift in Sources */ = {isa = PBXBuildFile; fileRef = D776D6542991838100165A3F /* FarrellHallView.swift */; };
		D7867C7429770F6300DB9231 /* LoweDiningHallView.swift in Sources */ = {isa = PBXBuildFile; fileRef = D7867C7329770F6300DB9231 /* LoweDiningHallView.swift */; };
		D7867C7729786CB700DB9231 /* HomeView.swift in Sources */ = {isa = PBXBuildFile; fileRef = D7867C7629786CB700DB9231 /* HomeView.swift */; };
		D78AF331297B120400E2D09A /* DiningOptionsView.swift in Sources */ = {isa = PBXBuildFile; fileRef = D78AF330297B120400E2D09A /* DiningOptionsView.swift */; };
		D78AF333298078F700E2D09A /* GymOptionsView.swift in Sources */ = {isa = PBXBuildFile; fileRef = D78AF332298078F700E2D09A /* GymOptionsView.swift */; };
		D78AF3352981765100E2D09A /* StudyOptionsView.swift in Sources */ = {isa = PBXBuildFile; fileRef = D78AF3342981765100E2D09A /* StudyOptionsView.swift */; };
		D78AF337298179A800E2D09A /* DormOptionsView.swift in Sources */ = {isa = PBXBuildFile; fileRef = D78AF336298179A800E2D09A /* DormOptionsView.swift */; };
		D78AF33929817D9000E2D09A /* ClassroomOptionsView.swift in Sources */ = {isa = PBXBuildFile; fileRef = D78AF33829817D9000E2D09A /* ClassroomOptionsView.swift */; };
		D78AF33B29817F9E00E2D09A /* ChapelView.swift in Sources */ = {isa = PBXBuildFile; fileRef = D78AF33A29817F9E00E2D09A /* ChapelView.swift */; };
		D78AF33D2982FB9800E2D09A /* MapView.swift in Sources */ = {isa = PBXBuildFile; fileRef = D78AF33C2982FB9800E2D09A /* MapView.swift */; };
		D79515FC29842E2500800406 /* GriffinsCoveView.swift in Sources */ = {isa = PBXBuildFile; fileRef = D79515FB29842E2500800406 /* GriffinsCoveView.swift */; };
		D79515FE2984307D00800406 /* VibeView.swift in Sources */ = {isa = PBXBuildFile; fileRef = D79515FD2984307D00800406 /* VibeView.swift */; };
		D7951600298830D300800406 /* MckennaGymView.swift in Sources */ = {isa = PBXBuildFile; fileRef = D79515FF298830D300800406 /* MckennaGymView.swift */; };
		D7951602298831DF00800406 /* FieldHouseView.swift in Sources */ = {isa = PBXBuildFile; fileRef = D7951601298831DF00800406 /* FieldHouseView.swift */; };
		D795160629883FC700800406 /* BoyleLoungeView.swift in Sources */ = {isa = PBXBuildFile; fileRef = D795160529883FC700800406 /* BoyleLoungeView.swift */; };
		D79516082988419E00800406 /* ReevesLibraryView.swift in Sources */ = {isa = PBXBuildFile; fileRef = D79516072988419E00800406 /* ReevesLibraryView.swift */; };
		D795160A298C3F4F00800406 /* AdminHallwayView.swift in Sources */ = {isa = PBXBuildFile; fileRef = D7951609298C3F4F00800406 /* AdminHallwayView.swift */; };
		D7BB6DF429940D2000503528 /* SistersOfCharityHallView.swift in Sources */ = {isa = PBXBuildFile; fileRef = D7BB6DF329940D2000503528 /* SistersOfCharityHallView.swift */; };
		D7BB6DF629940F8000503528 /* CanevinAndLoweHallsView.swift in Sources */ = {isa = PBXBuildFile; fileRef = D7BB6DF529940F8000503528 /* CanevinAndLoweHallsView.swift */; };
		D7BB6DF8299413E300503528 /* MauraHallDormView.swift in Sources */ = {isa = PBXBuildFile; fileRef = D7BB6DF7299413E300503528 /* MauraHallDormView.swift */; };
/* End PBXBuildFile section */

/* Begin PBXContainerItemProxy section */
		D7670E68296B637A00E05FD2 /* PBXContainerItemProxy */ = {
			isa = PBXContainerItemProxy;
			containerPortal = D7670E4E296B637700E05FD2 /* Project object */;
			proxyType = 1;
			remoteGlobalIDString = D7670E55296B637700E05FD2;
			remoteInfo = "Seton Hill Welcome App";
		};
		D7670E73296B637A00E05FD2 /* PBXContainerItemProxy */ = {
			isa = PBXContainerItemProxy;
			containerPortal = D7670E4E296B637700E05FD2 /* Project object */;
			proxyType = 1;
			remoteGlobalIDString = D7670E55296B637700E05FD2;
			remoteInfo = "Seton Hill Welcome App";
		};
/* End PBXContainerItemProxy section */

/* Begin PBXFileReference section */
		D70757E7299A926F00BAD8D9 /* AdminBuildingView.swift */ = {isa = PBXFileReference; lastKnownFileType = sourcecode.swift; path = AdminBuildingView.swift; sourceTree = "<group>"; };
		D70757E9299A95FA00BAD8D9 /* JustifiedText.swift */ = {isa = PBXFileReference; lastKnownFileType = sourcecode.swift; path = JustifiedText.swift; sourceTree = "<group>"; };
		D70757ED299A995000BAD8D9 /* MauraHallView.swift */ = {isa = PBXFileReference; lastKnownFileType = sourcecode.swift; path = MauraHallView.swift; sourceTree = "<group>"; };
		D70757EF299A9C1F00BAD8D9 /* BoyleCenterView.swift */ = {isa = PBXFileReference; lastKnownFileType = sourcecode.swift; path = BoyleCenterView.swift; sourceTree = "<group>"; };
		D7670E56296B637700E05FD2 /* Seton Hill Welcome App.app */ = {isa = PBXFileReference; explicitFileType = wrapper.application; includeInIndex = 0; path = "Seton Hill Welcome App.app"; sourceTree = BUILT_PRODUCTS_DIR; };
		D7670E59296B637800E05FD2 /* Seton_Hill_Welcome_AppApp.swift */ = {isa = PBXFileReference; lastKnownFileType = sourcecode.swift; path = Seton_Hill_Welcome_AppApp.swift; sourceTree = "<group>"; };
		D7670E5D296B637900E05FD2 /* Assets.xcassets */ = {isa = PBXFileReference; lastKnownFileType = folder.assetcatalog; path = Assets.xcassets; sourceTree = "<group>"; };
		D7670E60296B637900E05FD2 /* Preview Assets.xcassets */ = {isa = PBXFileReference; lastKnownFileType = folder.assetcatalog; path = "Preview Assets.xcassets"; sourceTree = "<group>"; };
		D7670E62296B637900E05FD2 /* Info.plist */ = {isa = PBXFileReference; lastKnownFileType = text.plist.xml; path = Info.plist; sourceTree = "<group>"; };
		D7670E67296B637A00E05FD2 /* Seton Hill Welcome AppTests.xctest */ = {isa = PBXFileReference; explicitFileType = wrapper.cfbundle; includeInIndex = 0; path = "Seton Hill Welcome AppTests.xctest"; sourceTree = BUILT_PRODUCTS_DIR; };
		D7670E6B296B637A00E05FD2 /* Seton_Hill_Welcome_AppTests.swift */ = {isa = PBXFileReference; lastKnownFileType = sourcecode.swift; path = Seton_Hill_Welcome_AppTests.swift; sourceTree = "<group>"; };
		D7670E6D296B637A00E05FD2 /* Info.plist */ = {isa = PBXFileReference; lastKnownFileType = text.plist.xml; path = Info.plist; sourceTree = "<group>"; };
		D7670E72296B637A00E05FD2 /* Seton Hill Welcome AppUITests.xctest */ = {isa = PBXFileReference; explicitFileType = wrapper.cfbundle; includeInIndex = 0; path = "Seton Hill Welcome AppUITests.xctest"; sourceTree = BUILT_PRODUCTS_DIR; };
		D7670E76296B637A00E05FD2 /* Seton_Hill_Welcome_AppUITests.swift */ = {isa = PBXFileReference; lastKnownFileType = sourcecode.swift; path = Seton_Hill_Welcome_AppUITests.swift; sourceTree = "<group>"; };
		D7670E78296B637A00E05FD2 /* Info.plist */ = {isa = PBXFileReference; lastKnownFileType = text.plist.xml; path = Info.plist; sourceTree = "<group>"; };
		D776D64E29917A5200165A3F /* HaveyHallView.swift */ = {isa = PBXFileReference; lastKnownFileType = sourcecode.swift; path = HaveyHallView.swift; sourceTree = "<group>"; };
		D776D65029917C9500165A3F /* BrownleeHallView.swift */ = {isa = PBXFileReference; lastKnownFileType = sourcecode.swift; path = BrownleeHallView.swift; sourceTree = "<group>"; };
		D776D65229917FB400165A3F /* DechantalHallView.swift */ = {isa = PBXFileReference; lastKnownFileType = sourcecode.swift; path = DechantalHallView.swift; sourceTree = "<group>"; };
		D776D6542991838100165A3F /* FarrellHallView.swift */ = {isa = PBXFileReference; lastKnownFileType = sourcecode.swift; path = FarrellHallView.swift; sourceTree = "<group>"; };
		D7867C7329770F6300DB9231 /* LoweDiningHallView.swift */ = {isa = PBXFileReference; lastKnownFileType = sourcecode.swift; path = LoweDiningHallView.swift; sourceTree = "<group>"; };
		D7867C7629786CB700DB9231 /* HomeView.swift */ = {isa = PBXFileReference; lastKnownFileType = sourcecode.swift; path = HomeView.swift; sourceTree = "<group>"; };
		D78AF330297B120400E2D09A /* DiningOptionsView.swift */ = {isa = PBXFileReference; lastKnownFileType = sourcecode.swift; path = DiningOptionsView.swift; sourceTree = "<group>"; };
		D78AF332298078F700E2D09A /* GymOptionsView.swift */ = {isa = PBXFileReference; lastKnownFileType = sourcecode.swift; path = GymOptionsView.swift; sourceTree = "<group>"; };
		D78AF3342981765100E2D09A /* StudyOptionsView.swift */ = {isa = PBXFileReference; lastKnownFileType = sourcecode.swift; path = StudyOptionsView.swift; sourceTree = "<group>"; };
		D78AF336298179A800E2D09A /* DormOptionsView.swift */ = {isa = PBXFileReference; lastKnownFileType = sourcecode.swift; path = DormOptionsView.swift; sourceTree = "<group>"; };
		D78AF33829817D9000E2D09A /* ClassroomOptionsView.swift */ = {isa = PBXFileReference; lastKnownFileType = sourcecode.swift; path = ClassroomOptionsView.swift; sourceTree = "<group>"; };
		D78AF33A29817F9E00E2D09A /* ChapelView.swift */ = {isa = PBXFileReference; lastKnownFileType = sourcecode.swift; path = ChapelView.swift; sourceTree = "<group>"; };
		D78AF33C2982FB9800E2D09A /* MapView.swift */ = {isa = PBXFileReference; lastKnownFileType = sourcecode.swift; path = MapView.swift; sourceTree = "<group>"; };
		D79515FB29842E2500800406 /* GriffinsCoveView.swift */ = {isa = PBXFileReference; lastKnownFileType = sourcecode.swift; path = GriffinsCoveView.swift; sourceTree = "<group>"; };
		D79515FD2984307D00800406 /* VibeView.swift */ = {isa = PBXFileReference; lastKnownFileType = sourcecode.swift; path = VibeView.swift; sourceTree = "<group>"; };
		D79515FF298830D300800406 /* MckennaGymView.swift */ = {isa = PBXFileReference; lastKnownFileType = sourcecode.swift; path = MckennaGymView.swift; sourceTree = "<group>"; };
		D7951601298831DF00800406 /* FieldHouseView.swift */ = {isa = PBXFileReference; lastKnownFileType = sourcecode.swift; path = FieldHouseView.swift; sourceTree = "<group>"; };
		D795160529883FC700800406 /* BoyleLoungeView.swift */ = {isa = PBXFileReference; lastKnownFileType = sourcecode.swift; path = BoyleLoungeView.swift; sourceTree = "<group>"; };
		D79516072988419E00800406 /* ReevesLibraryView.swift */ = {isa = PBXFileReference; lastKnownFileType = sourcecode.swift; path = ReevesLibraryView.swift; sourceTree = "<group>"; };
		D7951609298C3F4F00800406 /* AdminHallwayView.swift */ = {isa = PBXFileReference; lastKnownFileType = sourcecode.swift; path = AdminHallwayView.swift; sourceTree = "<group>"; };
		D7BB6DF329940D2000503528 /* SistersOfCharityHallView.swift */ = {isa = PBXFileReference; lastKnownFileType = sourcecode.swift; path = SistersOfCharityHallView.swift; sourceTree = "<group>"; };
		D7BB6DF529940F8000503528 /* CanevinAndLoweHallsView.swift */ = {isa = PBXFileReference; lastKnownFileType = sourcecode.swift; path = CanevinAndLoweHallsView.swift; sourceTree = "<group>"; };
		D7BB6DF7299413E300503528 /* MauraHallDormView.swift */ = {isa = PBXFileReference; lastKnownFileType = sourcecode.swift; path = MauraHallDormView.swift; sourceTree = "<group>"; };
/* End PBXFileReference section */

/* Begin PBXFrameworksBuildPhase section */
		D7670E53296B637700E05FD2 /* Frameworks */ = {
			isa = PBXFrameworksBuildPhase;
			buildActionMask = 2147483647;
			files = (
			);
			runOnlyForDeploymentPostprocessing = 0;
		};
		D7670E64296B637A00E05FD2 /* Frameworks */ = {
			isa = PBXFrameworksBuildPhase;
			buildActionMask = 2147483647;
			files = (
			);
			runOnlyForDeploymentPostprocessing = 0;
		};
		D7670E6F296B637A00E05FD2 /* Frameworks */ = {
			isa = PBXFrameworksBuildPhase;
			buildActionMask = 2147483647;
			files = (
			);
			runOnlyForDeploymentPostprocessing = 0;
		};
/* End PBXFrameworksBuildPhase section */

/* Begin PBXGroup section */
		D7670E4D296B637700E05FD2 = {
			isa = PBXGroup;
			children = (
				D7670E58296B637700E05FD2 /* Seton Hill Welcome App */,
				D7670E6A296B637A00E05FD2 /* Seton Hill Welcome AppTests */,
				D7670E75296B637A00E05FD2 /* Seton Hill Welcome AppUITests */,
				D7670E57296B637700E05FD2 /* Products */,
			);
			sourceTree = "<group>";
		};
		D7670E57296B637700E05FD2 /* Products */ = {
			isa = PBXGroup;
			children = (
				D7670E56296B637700E05FD2 /* Seton Hill Welcome App.app */,
				D7670E67296B637A00E05FD2 /* Seton Hill Welcome AppTests.xctest */,
				D7670E72296B637A00E05FD2 /* Seton Hill Welcome AppUITests.xctest */,
			);
			name = Products;
			sourceTree = "<group>";
		};
		D7670E58296B637700E05FD2 /* Seton Hill Welcome App */ = {
			isa = PBXGroup;
			children = (
				D7670E59296B637800E05FD2 /* Seton_Hill_Welcome_AppApp.swift */,
				D7867C7529770FA300DB9231 /* Views */,
				D7670E5D296B637900E05FD2 /* Assets.xcassets */,
				D7670E62296B637900E05FD2 /* Info.plist */,
				D7670E5F296B637900E05FD2 /* Preview Content */,
				D70757E9299A95FA00BAD8D9 /* JustifiedText.swift */,
			);
			path = "Seton Hill Welcome App";
			sourceTree = "<group>";
		};
		D7670E5F296B637900E05FD2 /* Preview Content */ = {
			isa = PBXGroup;
			children = (
				D7670E60296B637900E05FD2 /* Preview Assets.xcassets */,
			);
			path = "Preview Content";
			sourceTree = "<group>";
		};
		D7670E6A296B637A00E05FD2 /* Seton Hill Welcome AppTests */ = {
			isa = PBXGroup;
			children = (
				D7670E6B296B637A00E05FD2 /* Seton_Hill_Welcome_AppTests.swift */,
				D7670E6D296B637A00E05FD2 /* Info.plist */,
			);
			path = "Seton Hill Welcome AppTests";
			sourceTree = "<group>";
		};
		D7670E75296B637A00E05FD2 /* Seton Hill Welcome AppUITests */ = {
			isa = PBXGroup;
			children = (
				D7670E76296B637A00E05FD2 /* Seton_Hill_Welcome_AppUITests.swift */,
				D7670E78296B637A00E05FD2 /* Info.plist */,
			);
			path = "Seton Hill Welcome AppUITests";
			sourceTree = "<group>";
		};
		D7867C7529770FA300DB9231 /* Views */ = {
			isa = PBXGroup;
			children = (
				D79515FA29842BE100800406 /* Location Views */,
				D79515F929842B9300800406 /* Option Views */,
				D7867C7629786CB700DB9231 /* HomeView.swift */,
				D78AF33C2982FB9800E2D09A /* MapView.swift */,
			);
			path = Views;
			sourceTree = "<group>";
		};
		D79515F929842B9300800406 /* Option Views */ = {
			isa = PBXGroup;
			children = (
				D78AF330297B120400E2D09A /* DiningOptionsView.swift */,
				D78AF332298078F700E2D09A /* GymOptionsView.swift */,
				D78AF3342981765100E2D09A /* StudyOptionsView.swift */,
				D78AF336298179A800E2D09A /* DormOptionsView.swift */,
				D78AF33829817D9000E2D09A /* ClassroomOptionsView.swift */,
			);
			path = "Option Views";
			sourceTree = "<group>";
		};
		D79515FA29842BE100800406 /* Location Views */ = {
			isa = PBXGroup;
			children = (
				D78AF33A29817F9E00E2D09A /* ChapelView.swift */,
				D7867C7329770F6300DB9231 /* LoweDiningHallView.swift */,
				D79515FB29842E2500800406 /* GriffinsCoveView.swift */,
				D79515FD2984307D00800406 /* VibeView.swift */,
				D79515FF298830D300800406 /* MckennaGymView.swift */,
				D7951601298831DF00800406 /* FieldHouseView.swift */,
				D795160529883FC700800406 /* BoyleLoungeView.swift */,
				D79516072988419E00800406 /* ReevesLibraryView.swift */,
				D7951609298C3F4F00800406 /* AdminHallwayView.swift */,
				D776D64E29917A5200165A3F /* HaveyHallView.swift */,
				D776D65029917C9500165A3F /* BrownleeHallView.swift */,
				D776D65229917FB400165A3F /* DechantalHallView.swift */,
				D776D6542991838100165A3F /* FarrellHallView.swift */,
				D7BB6DF329940D2000503528 /* SistersOfCharityHallView.swift */,
				D7BB6DF529940F8000503528 /* CanevinAndLoweHallsView.swift */,
				D7BB6DF7299413E300503528 /* MauraHallDormView.swift */,
				D70757E7299A926F00BAD8D9 /* AdminBuildingView.swift */,
				D70757ED299A995000BAD8D9 /* MauraHallView.swift */,
				D70757EF299A9C1F00BAD8D9 /* BoyleCenterView.swift */,
			);
			path = "Location Views";
			sourceTree = "<group>";
		};
/* End PBXGroup section */

/* Begin PBXNativeTarget section */
		D7670E55296B637700E05FD2 /* Seton Hill Welcome App */ = {
			isa = PBXNativeTarget;
			buildConfigurationList = D7670E7B296B637A00E05FD2 /* Build configuration list for PBXNativeTarget "Seton Hill Welcome App" */;
			buildPhases = (
				D7670E52296B637700E05FD2 /* Sources */,
				D7670E53296B637700E05FD2 /* Frameworks */,
				D7670E54296B637700E05FD2 /* Resources */,
			);
			buildRules = (
			);
			dependencies = (
			);
			name = "Seton Hill Welcome App";
			productName = "Seton Hill Welcome App";
			productReference = D7670E56296B637700E05FD2 /* Seton Hill Welcome App.app */;
			productType = "com.apple.product-type.application";
		};
		D7670E66296B637A00E05FD2 /* Seton Hill Welcome AppTests */ = {
			isa = PBXNativeTarget;
			buildConfigurationList = D7670E7E296B637A00E05FD2 /* Build configuration list for PBXNativeTarget "Seton Hill Welcome AppTests" */;
			buildPhases = (
				D7670E63296B637A00E05FD2 /* Sources */,
				D7670E64296B637A00E05FD2 /* Frameworks */,
				D7670E65296B637A00E05FD2 /* Resources */,
			);
			buildRules = (
			);
			dependencies = (
				D7670E69296B637A00E05FD2 /* PBXTargetDependency */,
			);
			name = "Seton Hill Welcome AppTests";
			productName = "Seton Hill Welcome AppTests";
			productReference = D7670E67296B637A00E05FD2 /* Seton Hill Welcome AppTests.xctest */;
			productType = "com.apple.product-type.bundle.unit-test";
		};
		D7670E71296B637A00E05FD2 /* Seton Hill Welcome AppUITests */ = {
			isa = PBXNativeTarget;
			buildConfigurationList = D7670E81296B637A00E05FD2 /* Build configuration list for PBXNativeTarget "Seton Hill Welcome AppUITests" */;
			buildPhases = (
				D7670E6E296B637A00E05FD2 /* Sources */,
				D7670E6F296B637A00E05FD2 /* Frameworks */,
				D7670E70296B637A00E05FD2 /* Resources */,
			);
			buildRules = (
			);
			dependencies = (
				D7670E74296B637A00E05FD2 /* PBXTargetDependency */,
			);
			name = "Seton Hill Welcome AppUITests";
			productName = "Seton Hill Welcome AppUITests";
			productReference = D7670E72296B637A00E05FD2 /* Seton Hill Welcome AppUITests.xctest */;
			productType = "com.apple.product-type.bundle.ui-testing";
		};
/* End PBXNativeTarget section */

/* Begin PBXProject section */
		D7670E4E296B637700E05FD2 /* Project object */ = {
			isa = PBXProject;
			attributes = {
				LastSwiftUpdateCheck = 1250;
				LastUpgradeCheck = 1250;
				TargetAttributes = {
					D7670E55296B637700E05FD2 = {
						CreatedOnToolsVersion = 12.5.1;
					};
					D7670E66296B637A00E05FD2 = {
						CreatedOnToolsVersion = 12.5.1;
						TestTargetID = D7670E55296B637700E05FD2;
					};
					D7670E71296B637A00E05FD2 = {
						CreatedOnToolsVersion = 12.5.1;
						TestTargetID = D7670E55296B637700E05FD2;
					};
				};
			};
			buildConfigurationList = D7670E51296B637700E05FD2 /* Build configuration list for PBXProject "Seton Hill Welcome App" */;
			compatibilityVersion = "Xcode 9.3";
			developmentRegion = en;
			hasScannedForEncodings = 0;
			knownRegions = (
				en,
				Base,
			);
			mainGroup = D7670E4D296B637700E05FD2;
			productRefGroup = D7670E57296B637700E05FD2 /* Products */;
			projectDirPath = "";
			projectRoot = "";
			targets = (
				D7670E55296B637700E05FD2 /* Seton Hill Welcome App */,
				D7670E66296B637A00E05FD2 /* Seton Hill Welcome AppTests */,
				D7670E71296B637A00E05FD2 /* Seton Hill Welcome AppUITests */,
			);
		};
/* End PBXProject section */

/* Begin PBXResourcesBuildPhase section */
		D7670E54296B637700E05FD2 /* Resources */ = {
			isa = PBXResourcesBuildPhase;
			buildActionMask = 2147483647;
			files = (
				D7670E61296B637900E05FD2 /* Preview Assets.xcassets in Resources */,
				D7670E5E296B637900E05FD2 /* Assets.xcassets in Resources */,
			);
			runOnlyForDeploymentPostprocessing = 0;
		};
		D7670E65296B637A00E05FD2 /* Resources */ = {
			isa = PBXResourcesBuildPhase;
			buildActionMask = 2147483647;
			files = (
			);
			runOnlyForDeploymentPostprocessing = 0;
		};
		D7670E70296B637A00E05FD2 /* Resources */ = {
			isa = PBXResourcesBuildPhase;
			buildActionMask = 2147483647;
			files = (
			);
			runOnlyForDeploymentPostprocessing = 0;
		};
/* End PBXResourcesBuildPhase section */

/* Begin PBXSourcesBuildPhase section */
		D7670E52296B637700E05FD2 /* Sources */ = {
			isa = PBXSourcesBuildPhase;
			buildActionMask = 2147483647;
			files = (
				D7951602298831DF00800406 /* FieldHouseView.swift in Sources */,
				D78AF333298078F700E2D09A /* GymOptionsView.swift in Sources */,
				D78AF3352981765100E2D09A /* StudyOptionsView.swift in Sources */,
				D7BB6DF429940D2000503528 /* SistersOfCharityHallView.swift in Sources */,
				D70757E8299A927000BAD8D9 /* AdminBuildingView.swift in Sources */,
				D7867C7729786CB700DB9231 /* HomeView.swift in Sources */,
				D70757EA299A95FA00BAD8D9 /* JustifiedText.swift in Sources */,
				D7951600298830D300800406 /* MckennaGymView.swift in Sources */,
				D795160629883FC700800406 /* BoyleLoungeView.swift in Sources */,
				D78AF337298179A800E2D09A /* DormOptionsView.swift in Sources */,
				D79515FC29842E2500800406 /* GriffinsCoveView.swift in Sources */,
				D795160A298C3F4F00800406 /* AdminHallwayView.swift in Sources */,
				D7867C7429770F6300DB9231 /* LoweDiningHallView.swift in Sources */,
				D776D65329917FB400165A3F /* DechantalHallView.swift in Sources */,
				D78AF33B29817F9E00E2D09A /* ChapelView.swift in Sources */,
				D776D64F29917A5200165A3F /* HaveyHallView.swift in Sources */,
				D7BB6DF629940F8000503528 /* CanevinAndLoweHallsView.swift in Sources */,
				D78AF331297B120400E2D09A /* DiningOptionsView.swift in Sources */,
				D7BB6DF8299413E300503528 /* MauraHallDormView.swift in Sources */,
				D776D6552991838100165A3F /* FarrellHallView.swift in Sources */,
				D78AF33D2982FB9800E2D09A /* MapView.swift in Sources */,
				D79516082988419E00800406 /* ReevesLibraryView.swift in Sources */,
				D7670E5A296B637800E05FD2 /* Seton_Hill_Welcome_AppApp.swift in Sources */,
				D70757F0299A9C1F00BAD8D9 /* BoyleCenterView.swift in Sources */,
				D776D65129917C9500165A3F /* BrownleeHallView.swift in Sources */,
				D79515FE2984307D00800406 /* VibeView.swift in Sources */,
				D70757EE299A995000BAD8D9 /* MauraHallView.swift in Sources */,
				D78AF33929817D9000E2D09A /* ClassroomOptionsView.swift in Sources */,
			);
			runOnlyForDeploymentPostprocessing = 0;
		};
		D7670E63296B637A00E05FD2 /* Sources */ = {
			isa = PBXSourcesBuildPhase;
			buildActionMask = 2147483647;
			files = (
				D7670E6C296B637A00E05FD2 /* Seton_Hill_Welcome_AppTests.swift in Sources */,
			);
			runOnlyForDeploymentPostprocessing = 0;
		};
		D7670E6E296B637A00E05FD2 /* Sources */ = {
			isa = PBXSourcesBuildPhase;
			buildActionMask = 2147483647;
			files = (
				D7670E77296B637A00E05FD2 /* Seton_Hill_Welcome_AppUITests.swift in Sources */,
			);
			runOnlyForDeploymentPostprocessing = 0;
		};
/* End PBXSourcesBuildPhase section */

/* Begin PBXTargetDependency section */
		D7670E69296B637A00E05FD2 /* PBXTargetDependency */ = {
			isa = PBXTargetDependency;
			target = D7670E55296B637700E05FD2 /* Seton Hill Welcome App */;
			targetProxy = D7670E68296B637A00E05FD2 /* PBXContainerItemProxy */;
		};
		D7670E74296B637A00E05FD2 /* PBXTargetDependency */ = {
			isa = PBXTargetDependency;
			target = D7670E55296B637700E05FD2 /* Seton Hill Welcome App */;
			targetProxy = D7670E73296B637A00E05FD2 /* PBXContainerItemProxy */;
		};
/* End PBXTargetDependency section */

/* Begin XCBuildConfiguration section */
		D7670E79296B637A00E05FD2 /* Debug */ = {
			isa = XCBuildConfiguration;
			buildSettings = {
				ALWAYS_SEARCH_USER_PATHS = NO;
				CLANG_ANALYZER_NONNULL = YES;
				CLANG_ANALYZER_NUMBER_OBJECT_CONVERSION = YES_AGGRESSIVE;
				CLANG_CXX_LANGUAGE_STANDARD = "gnu++14";
				CLANG_CXX_LIBRARY = "libc++";
				CLANG_ENABLE_MODULES = YES;
				CLANG_ENABLE_OBJC_ARC = YES;
				CLANG_ENABLE_OBJC_WEAK = YES;
				CLANG_WARN_BLOCK_CAPTURE_AUTORELEASING = YES;
				CLANG_WARN_BOOL_CONVERSION = YES;
				CLANG_WARN_COMMA = YES;
				CLANG_WARN_CONSTANT_CONVERSION = YES;
				CLANG_WARN_DEPRECATED_OBJC_IMPLEMENTATIONS = YES;
				CLANG_WARN_DIRECT_OBJC_ISA_USAGE = YES_ERROR;
				CLANG_WARN_DOCUMENTATION_COMMENTS = YES;
				CLANG_WARN_EMPTY_BODY = YES;
				CLANG_WARN_ENUM_CONVERSION = YES;
				CLANG_WARN_INFINITE_RECURSION = YES;
				CLANG_WARN_INT_CONVERSION = YES;
				CLANG_WARN_NON_LITERAL_NULL_CONVERSION = YES;
				CLANG_WARN_OBJC_IMPLICIT_RETAIN_SELF = YES;
				CLANG_WARN_OBJC_LITERAL_CONVERSION = YES;
				CLANG_WARN_OBJC_ROOT_CLASS = YES_ERROR;
				CLANG_WARN_QUOTED_INCLUDE_IN_FRAMEWORK_HEADER = YES;
				CLANG_WARN_RANGE_LOOP_ANALYSIS = YES;
				CLANG_WARN_STRICT_PROTOTYPES = YES;
				CLANG_WARN_SUSPICIOUS_MOVE = YES;
				CLANG_WARN_UNGUARDED_AVAILABILITY = YES_AGGRESSIVE;
				CLANG_WARN_UNREACHABLE_CODE = YES;
				CLANG_WARN__DUPLICATE_METHOD_MATCH = YES;
				COPY_PHASE_STRIP = NO;
				DEBUG_INFORMATION_FORMAT = dwarf;
				ENABLE_STRICT_OBJC_MSGSEND = YES;
				ENABLE_TESTABILITY = YES;
				GCC_C_LANGUAGE_STANDARD = gnu11;
				GCC_DYNAMIC_NO_PIC = NO;
				GCC_NO_COMMON_BLOCKS = YES;
				GCC_OPTIMIZATION_LEVEL = 0;
				GCC_PREPROCESSOR_DEFINITIONS = (
					"DEBUG=1",
					"$(inherited)",
				);
				GCC_WARN_64_TO_32_BIT_CONVERSION = YES;
				GCC_WARN_ABOUT_RETURN_TYPE = YES_ERROR;
				GCC_WARN_UNDECLARED_SELECTOR = YES;
				GCC_WARN_UNINITIALIZED_AUTOS = YES_AGGRESSIVE;
				GCC_WARN_UNUSED_FUNCTION = YES;
				GCC_WARN_UNUSED_VARIABLE = YES;
				IPHONEOS_DEPLOYMENT_TARGET = 14.5;
				MTL_ENABLE_DEBUG_INFO = INCLUDE_SOURCE;
				MTL_FAST_MATH = YES;
				ONLY_ACTIVE_ARCH = YES;
				SDKROOT = iphoneos;
				SWIFT_ACTIVE_COMPILATION_CONDITIONS = DEBUG;
				SWIFT_OPTIMIZATION_LEVEL = "-Onone";
			};
			name = Debug;
		};
		D7670E7A296B637A00E05FD2 /* Release */ = {
			isa = XCBuildConfiguration;
			buildSettings = {
				ALWAYS_SEARCH_USER_PATHS = NO;
				CLANG_ANALYZER_NONNULL = YES;
				CLANG_ANALYZER_NUMBER_OBJECT_CONVERSION = YES_AGGRESSIVE;
				CLANG_CXX_LANGUAGE_STANDARD = "gnu++14";
				CLANG_CXX_LIBRARY = "libc++";
				CLANG_ENABLE_MODULES = YES;
				CLANG_ENABLE_OBJC_ARC = YES;
				CLANG_ENABLE_OBJC_WEAK = YES;
				CLANG_WARN_BLOCK_CAPTURE_AUTORELEASING = YES;
				CLANG_WARN_BOOL_CONVERSION = YES;
				CLANG_WARN_COMMA = YES;
				CLANG_WARN_CONSTANT_CONVERSION = YES;
				CLANG_WARN_DEPRECATED_OBJC_IMPLEMENTATIONS = YES;
				CLANG_WARN_DIRECT_OBJC_ISA_USAGE = YES_ERROR;
				CLANG_WARN_DOCUMENTATION_COMMENTS = YES;
				CLANG_WARN_EMPTY_BODY = YES;
				CLANG_WARN_ENUM_CONVERSION = YES;
				CLANG_WARN_INFINITE_RECURSION = YES;
				CLANG_WARN_INT_CONVERSION = YES;
				CLANG_WARN_NON_LITERAL_NULL_CONVERSION = YES;
				CLANG_WARN_OBJC_IMPLICIT_RETAIN_SELF = YES;
				CLANG_WARN_OBJC_LITERAL_CONVERSION = YES;
				CLANG_WARN_OBJC_ROOT_CLASS = YES_ERROR;
				CLANG_WARN_QUOTED_INCLUDE_IN_FRAMEWORK_HEADER = YES;
				CLANG_WARN_RANGE_LOOP_ANALYSIS = YES;
				CLANG_WARN_STRICT_PROTOTYPES = YES;
				CLANG_WARN_SUSPICIOUS_MOVE = YES;
				CLANG_WARN_UNGUARDED_AVAILABILITY = YES_AGGRESSIVE;
				CLANG_WARN_UNREACHABLE_CODE = YES;
				CLANG_WARN__DUPLICATE_METHOD_MATCH = YES;
				COPY_PHASE_STRIP = NO;
				DEBUG_INFORMATION_FORMAT = "dwarf-with-dsym";
				ENABLE_NS_ASSERTIONS = NO;
				ENABLE_STRICT_OBJC_MSGSEND = YES;
				GCC_C_LANGUAGE_STANDARD = gnu11;
				GCC_NO_COMMON_BLOCKS = YES;
				GCC_WARN_64_TO_32_BIT_CONVERSION = YES;
				GCC_WARN_ABOUT_RETURN_TYPE = YES_ERROR;
				GCC_WARN_UNDECLARED_SELECTOR = YES;
				GCC_WARN_UNINITIALIZED_AUTOS = YES_AGGRESSIVE;
				GCC_WARN_UNUSED_FUNCTION = YES;
				GCC_WARN_UNUSED_VARIABLE = YES;
				IPHONEOS_DEPLOYMENT_TARGET = 14.5;
				MTL_ENABLE_DEBUG_INFO = NO;
				MTL_FAST_MATH = YES;
				SDKROOT = iphoneos;
				SWIFT_COMPILATION_MODE = wholemodule;
				SWIFT_OPTIMIZATION_LEVEL = "-O";
				VALIDATE_PRODUCT = YES;
			};
			name = Release;
		};
		D7670E7C296B637A00E05FD2 /* Debug */ = {
			isa = XCBuildConfiguration;
			buildSettings = {
				ASSETCATALOG_COMPILER_APPICON_NAME = AppIcon;
				ASSETCATALOG_COMPILER_GLOBAL_ACCENT_COLOR_NAME = AccentColor;
				CODE_SIGN_STYLE = Automatic;
				CURRENT_PROJECT_VERSION = 2;
				DEVELOPMENT_ASSET_PATHS = "\"Seton Hill Welcome App/Preview Content\"";
				DEVELOPMENT_TEAM = 5T8Z4Y26FB;
				ENABLE_PREVIEWS = YES;
				INFOPLIST_FILE = "Seton Hill Welcome App/Info.plist";
				INFOPLIST_KEY_CFBundleDisplayName = "Seton Hill Welcome ";
				INFOPLIST_KEY_LSApplicationCategoryType = "public.app-category.education";
				IPHONEOS_DEPLOYMENT_TARGET = 14.0;
				LD_RUNPATH_SEARCH_PATHS = (
					"$(inherited)",
					"@executable_path/Frameworks",
				);
				MARKETING_VERSION = 1.0;
				PRODUCT_BUNDLE_IDENTIFIER = "calebvoorhees.com.Seton-Hill-Welcome-App";
				PRODUCT_NAME = "$(TARGET_NAME)";
				SUPPORTED_PLATFORMS = "iphoneos iphonesimulator";
				SUPPORTS_MACCATALYST = NO;
				SUPPORTS_MAC_DESIGNED_FOR_IPHONE_IPAD = NO;
				SWIFT_VERSION = 5.0;
				TARGETED_DEVICE_FAMILY = 1;
			};
			name = Debug;
		};
		D7670E7D296B637A00E05FD2 /* Release */ = {
			isa = XCBuildConfiguration;
			buildSettings = {
				ASSETCATALOG_COMPILER_APPICON_NAME = AppIcon;
				ASSETCATALOG_COMPILER_GLOBAL_ACCENT_COLOR_NAME = AccentColor;
				CODE_SIGN_STYLE = Automatic;
				CURRENT_PROJECT_VERSION = 2;
				DEVELOPMENT_ASSET_PATHS = "\"Seton Hill Welcome App/Preview Content\"";
				DEVELOPMENT_TEAM = 5T8Z4Y26FB;
				ENABLE_PREVIEWS = YES;
				INFOPLIST_FILE = "Seton Hill Welcome App/Info.plist";
				INFOPLIST_KEY_CFBundleDisplayName = "Seton Hill Welcome ";
				INFOPLIST_KEY_LSApplicationCategoryType = "public.app-category.education";
				IPHONEOS_DEPLOYMENT_TARGET = 14.0;
				LD_RUNPATH_SEARCH_PATHS = (
					"$(inherited)",
					"@executable_path/Frameworks",
				);
				MARKETING_VERSION = 1.0;
				PRODUCT_BUNDLE_IDENTIFIER = "calebvoorhees.com.Seton-Hill-Welcome-App";
				PRODUCT_NAME = "$(TARGET_NAME)";
				SUPPORTED_PLATFORMS = "iphoneos iphonesimulator";
				SUPPORTS_MACCATALYST = NO;
				SUPPORTS_MAC_DESIGNED_FOR_IPHONE_IPAD = NO;
				SWIFT_VERSION = 5.0;
				TARGETED_DEVICE_FAMILY = 1;
			};
			name = Release;
		};
		D7670E7F296B637A00E05FD2 /* Debug */ = {
			isa = XCBuildConfiguration;
			buildSettings = {
				ALWAYS_EMBED_SWIFT_STANDARD_LIBRARIES = YES;
				BUNDLE_LOADER = "$(TEST_HOST)";
				CODE_SIGN_STYLE = Automatic;
				INFOPLIST_FILE = "Seton Hill Welcome AppTests/Info.plist";
				IPHONEOS_DEPLOYMENT_TARGET = 14.0;
				LD_RUNPATH_SEARCH_PATHS = (
					"$(inherited)",
					"@executable_path/Frameworks",
					"@loader_path/Frameworks",
				);
				PRODUCT_BUNDLE_IDENTIFIER = "com.shu.cvoorhees.Seton-Hill-Welcome-AppTests";
				PRODUCT_NAME = "$(TARGET_NAME)";
				SWIFT_VERSION = 5.0;
				TARGETED_DEVICE_FAMILY = "1,2";
				TEST_HOST = "$(BUILT_PRODUCTS_DIR)/Seton Hill Welcome App.app/Seton Hill Welcome App";
			};
			name = Debug;
		};
		D7670E80296B637A00E05FD2 /* Release */ = {
			isa = XCBuildConfiguration;
			buildSettings = {
				ALWAYS_EMBED_SWIFT_STANDARD_LIBRARIES = YES;
				BUNDLE_LOADER = "$(TEST_HOST)";
				CODE_SIGN_STYLE = Automatic;
				INFOPLIST_FILE = "Seton Hill Welcome AppTests/Info.plist";
				IPHONEOS_DEPLOYMENT_TARGET = 14.0;
				LD_RUNPATH_SEARCH_PATHS = (
					"$(inherited)",
					"@executable_path/Frameworks",
					"@loader_path/Frameworks",
				);
				PRODUCT_BUNDLE_IDENTIFIER = "com.shu.cvoorhees.Seton-Hill-Welcome-AppTests";
				PRODUCT_NAME = "$(TARGET_NAME)";
				SWIFT_VERSION = 5.0;
				TARGETED_DEVICE_FAMILY = "1,2";
				TEST_HOST = "$(BUILT_PRODUCTS_DIR)/Seton Hill Welcome App.app/Seton Hill Welcome App";
			};
			name = Release;
		};
		D7670E82296B637A00E05FD2 /* Debug */ = {
			isa = XCBuildConfiguration;
			buildSettings = {
				ALWAYS_EMBED_SWIFT_STANDARD_LIBRARIES = YES;
				CODE_SIGN_STYLE = Automatic;
				INFOPLIST_FILE = "Seton Hill Welcome AppUITests/Info.plist";
				LD_RUNPATH_SEARCH_PATHS = (
					"$(inherited)",
					"@executable_path/Frameworks",
					"@loader_path/Frameworks",
				);
				PRODUCT_BUNDLE_IDENTIFIER = "com.shu.cvoorhees.Seton-Hill-Welcome-AppUITests";
				PRODUCT_NAME = "$(TARGET_NAME)";
				SWIFT_VERSION = 5.0;
				TARGETED_DEVICE_FAMILY = "1,2";
				TEST_TARGET_NAME = "Seton Hill Welcome App";
			};
			name = Debug;
		};
		D7670E83296B637A00E05FD2 /* Release */ = {
			isa = XCBuildConfiguration;
			buildSettings = {
				ALWAYS_EMBED_SWIFT_STANDARD_LIBRARIES = YES;
				CODE_SIGN_STYLE = Automatic;
				INFOPLIST_FILE = "Seton Hill Welcome AppUITests/Info.plist";
				LD_RUNPATH_SEARCH_PATHS = (
					"$(inherited)",
					"@executable_path/Frameworks",
					"@loader_path/Frameworks",
				);
				PRODUCT_BUNDLE_IDENTIFIER = "com.shu.cvoorhees.Seton-Hill-Welcome-AppUITests";
				PRODUCT_NAME = "$(TARGET_NAME)";
				SWIFT_VERSION = 5.0;
				TARGETED_DEVICE_FAMILY = "1,2";
				TEST_TARGET_NAME = "Seton Hill Welcome App";
			};
			name = Release;
		};
/* End XCBuildConfiguration section */

/* Begin XCConfigurationList section */
		D7670E51296B637700E05FD2 /* Build configuration list for PBXProject "Seton Hill Welcome App" */ = {
			isa = XCConfigurationList;
			buildConfigurations = (
				D7670E79296B637A00E05FD2 /* Debug */,
				D7670E7A296B637A00E05FD2 /* Release */,
			);
			defaultConfigurationIsVisible = 0;
			defaultConfigurationName = Release;
		};
		D7670E7B296B637A00E05FD2 /* Build configuration list for PBXNativeTarget "Seton Hill Welcome App" */ = {
			isa = XCConfigurationList;
			buildConfigurations = (
				D7670E7C296B637A00E05FD2 /* Debug */,
				D7670E7D296B637A00E05FD2 /* Release */,
			);
			defaultConfigurationIsVisible = 0;
			defaultConfigurationName = Release;
		};
		D7670E7E296B637A00E05FD2 /* Build configuration list for PBXNativeTarget "Seton Hill Welcome AppTests" */ = {
			isa = XCConfigurationList;
			buildConfigurations = (
				D7670E7F296B637A00E05FD2 /* Debug */,
				D7670E80296B637A00E05FD2 /* Release */,
			);
			defaultConfigurationIsVisible = 0;
			defaultConfigurationName = Release;
		};
		D7670E81296B637A00E05FD2 /* Build configuration list for PBXNativeTarget "Seton Hill Welcome AppUITests" */ = {
			isa = XCConfigurationList;
			buildConfigurations = (
				D7670E82296B637A00E05FD2 /* Debug */,
				D7670E83296B637A00E05FD2 /* Release */,
			);
			defaultConfigurationIsVisible = 0;
			defaultConfigurationName = Release;
		};
/* End XCConfigurationList section */
	};
	rootObject = D7670E4E296B637700E05FD2 /* Project object */;
}
